
Microsoft Visual Studio Solution File, Format Version 12.00
# Visual Studio Version 17
VisualStudioVersion = 17.4.33122.133
MinimumVisualStudioVersion = 10.0.40219.1
Project("{9A19103F-16F7-4668-BE54-9A1E7A4F7556}") = "Oplog.Api", "Oplog.Api\Oplog.Api.csproj", "{52D2BAEC-31A6-45EB-88B9-600372257B7E}"
EndProject
Project("{FAE04EC0-301F-11D3-BF4B-00C04F79EFBC}") = "Oplog.Persistence", "Oplog.Persistence\Oplog.Persistence.csproj", "{1EC728EB-5AED-4DA0-A82F-F23DA516C11B}"
EndProject
Global
	GlobalSection(SolutionConfigurationPlatforms) = preSolution
		Debug|Any CPU = Debug|Any CPU
		Release|Any CPU = Release|Any CPU
	EndGlobalSection
	GlobalSection(ProjectConfigurationPlatforms) = postSolution
		{52D2BAEC-31A6-45EB-88B9-600372257B7E}.Debug|Any CPU.ActiveCfg = Debug|Any CPU
		{52D2BAEC-31A6-45EB-88B9-600372257B7E}.Debug|Any CPU.Build.0 = Debug|Any CPU
		{52D2BAEC-31A6-45EB-88B9-600372257B7E}.Release|Any CPU.ActiveCfg = Release|Any CPU
		{52D2BAEC-31A6-45EB-88B9-600372257B7E}.Release|Any CPU.Build.0 = Release|Any CPU
		{1EC728EB-5AED-4DA0-A82F-F23DA516C11B}.Debug|Any CPU.ActiveCfg = Debug|Any CPU
		{1EC728EB-5AED-4DA0-A82F-F23DA516C11B}.Debug|Any CPU.Build.0 = Debug|Any CPU
		{1EC728EB-5AED-4DA0-A82F-F23DA516C11B}.Release|Any CPU.ActiveCfg = Release|Any CPU
		{1EC728EB-5AED-4DA0-A82F-F23DA516C11B}.Release|Any CPU.Build.0 = Release|Any CPU
	EndGlobalSection
	GlobalSection(SolutionProperties) = preSolution
		HideSolutionNode = FALSE
	EndGlobalSection
	GlobalSection(ExtensibilityGlobals) = postSolution
		SolutionGuid = {CF9A5B37-B2F3-4FCE-9592-3E6B00622980}
	EndGlobalSection
EndGlobal
